// !$*UTF8*$!
{
	archiveVersion = 1;
	classes = {
	};
	objectVersion = 77;
	objects = {

/* Begin PBXBuildFile section */
		FFDCA88F2DB629BF006E472F /* KeychainAccess in Frameworks */ = {isa = PBXBuildFile; productRef = FFDCA88E2DB629BF006E472F /* KeychainAccess */; };
		FFF534AC2DC6F407009372D0 /* Media.xcassets in Resources */ = {isa = PBXBuildFile; fileRef = FFF780022DC5E92200013DDB /* Media.xcassets */; };
/* End PBXBuildFile section */

/* Begin PBXContainerItemProxy section */
		FFDCA83E2DB626C8006E472F /* PBXContainerItemProxy */ = {
			isa = PBXContainerItemProxy;
			containerPortal = FFDCA8252DB626C5006E472F /* Project object */;
			proxyType = 1;
			remoteGlobalIDString = FFDCA82C2DB626C5006E472F;
			remoteInfo = "echo-api";
		};
		FFDCA8482DB626C8006E472F /* PBXContainerItemProxy */ = {
			isa = PBXContainerItemProxy;
			containerPortal = FFDCA8252DB626C5006E472F /* Project object */;
			proxyType = 1;
			remoteGlobalIDString = FFDCA82C2DB626C5006E472F;
			remoteInfo = "echo-api";
		};
/* End PBXContainerItemProxy section */

/* Begin PBXFileReference section */
		FFDCA82D2DB626C6006E472F /* echo-api.app */ = {isa = PBXFileReference; explicitFileType = wrapper.application; includeInIndex = 0; path = "echo-api.app"; sourceTree = BUILT_PRODUCTS_DIR; };
		FFDCA83D2DB626C8006E472F /* echo-apiTests.xctest */ = {isa = PBXFileReference; explicitFileType = wrapper.cfbundle; includeInIndex = 0; path = "echo-apiTests.xctest"; sourceTree = BUILT_PRODUCTS_DIR; };
		FFDCA8472DB626C8006E472F /* echo-apiUITests.xctest */ = {isa = PBXFileReference; explicitFileType = wrapper.cfbundle; includeInIndex = 0; path = "echo-apiUITests.xctest"; sourceTree = BUILT_PRODUCTS_DIR; };
		FFF780022DC5E92200013DDB /* Media.xcassets */ = {isa = PBXFileReference; lastKnownFileType = folder.assetcatalog; path = Media.xcassets; sourceTree = "<group>"; };
/* End PBXFileReference section */

/* Begin PBXFileSystemSynchronizedBuildFileExceptionSet section */
		FFF534AB2DC6F3F9009372D0 /* Exceptions for "echo-api" folder in "echo-api" target */ = {
			isa = PBXFileSystemSynchronizedBuildFileExceptionSet;
			membershipExceptions = (
				Info.plist,
				Info.plist.sample,
				"Preview Content/Preview Assets.xcassets",
			);
			target = FFDCA82C2DB626C5006E472F /* echo-api */;
		};
/* End PBXFileSystemSynchronizedBuildFileExceptionSet section */

/* Begin PBXFileSystemSynchronizedRootGroup section */
		FFDCA82F2DB626C6006E472F /* echo-api */ = {
			isa = PBXFileSystemSynchronizedRootGroup;
			exceptions = (
				FFF534AB2DC6F3F9009372D0 /* Exceptions for "echo-api" folder in "echo-api" target */,
			);
			path = "echo-api";
			sourceTree = "<group>";
		};
		FFDCA8402DB626C8006E472F /* echo-apiTests */ = {
			isa = PBXFileSystemSynchronizedRootGroup;
			path = "echo-apiTests";
			sourceTree = "<group>";
		};
		FFDCA84A2DB626C8006E472F /* echo-apiUITests */ = {
			isa = PBXFileSystemSynchronizedRootGroup;
			path = "echo-apiUITests";
			sourceTree = "<group>";
		};
/* End PBXFileSystemSynchronizedRootGroup section */

/* Begin PBXFrameworksBuildPhase section */
		FFDCA82A2DB626C5006E472F /* Frameworks */ = {
			isa = PBXFrameworksBuildPhase;
			buildActionMask = 2147483647;
			files = (
				FFDCA88F2DB629BF006E472F /* KeychainAccess in Frameworks */,
			);
			runOnlyForDeploymentPostprocessing = 0;
		};
		FFDCA83A2DB626C8006E472F /* Frameworks */ = {
			isa = PBXFrameworksBuildPhase;
			buildActionMask = 2147483647;
			files = (
			);
			runOnlyForDeploymentPostprocessing = 0;
		};
		FFDCA8442DB626C8006E472F /* Frameworks */ = {
			isa = PBXFrameworksBuildPhase;
			buildActionMask = 2147483647;
			files = (
			);
			runOnlyForDeploymentPostprocessing = 0;
		};
/* End PBXFrameworksBuildPhase section */

/* Begin PBXGroup section */
		FFDCA8242DB626C5006E472F = {
			isa = PBXGroup;
			children = (
				FFF780022DC5E92200013DDB /* Media.xcassets */,
				FFDCA82F2DB626C6006E472F /* echo-api */,
				FFDCA8402DB626C8006E472F /* echo-apiTests */,
				FFDCA84A2DB626C8006E472F /* echo-apiUITests */,
				FFDCA82E2DB626C6006E472F /* Products */,
			);
			sourceTree = "<group>";
		};
		FFDCA82E2DB626C6006E472F /* Products */ = {
			isa = PBXGroup;
			children = (
				FFDCA82D2DB626C6006E472F /* echo-api.app */,
				FFDCA83D2DB626C8006E472F /* echo-apiTests.xctest */,
				FFDCA8472DB626C8006E472F /* echo-apiUITests.xctest */,
			);
			name = Products;
			sourceTree = "<group>";
		};
/* End PBXGroup section */

/* Begin PBXNativeTarget section */
		FFDCA82C2DB626C5006E472F /* echo-api */ = {
			isa = PBXNativeTarget;
			buildConfigurationList = FFDCA8512DB626C8006E472F /* Build configuration list for PBXNativeTarget "echo-api" */;
			buildPhases = (
				FFDCA8292DB626C5006E472F /* Sources */,
				FFDCA82A2DB626C5006E472F /* Frameworks */,
				FFF534AA2DC6F3F9009372D0 /* Resources */,
			);
			buildRules = (
			);
			dependencies = (
			);
			fileSystemSynchronizedGroups = (
				FFDCA82F2DB626C6006E472F /* echo-api */,
			);
			name = "echo-api";
			packageProductDependencies = (
				FFDCA88E2DB629BF006E472F /* KeychainAccess */,
			);
			productName = "echo-api";
			productReference = FFDCA82D2DB626C6006E472F /* echo-api.app */;
			productType = "com.apple.product-type.application";
		};
		FFDCA83C2DB626C8006E472F /* echo-apiTests */ = {
			isa = PBXNativeTarget;
			buildConfigurationList = FFDCA8542DB626C8006E472F /* Build configuration list for PBXNativeTarget "echo-apiTests" */;
			buildPhases = (
				FFDCA8392DB626C8006E472F /* Sources */,
				FFDCA83A2DB626C8006E472F /* Frameworks */,
				FFDCA83B2DB626C8006E472F /* Resources */,
			);
			buildRules = (
			);
			dependencies = (
				FFDCA83F2DB626C8006E472F /* PBXTargetDependency */,
			);
			fileSystemSynchronizedGroups = (
				FFDCA8402DB626C8006E472F /* echo-apiTests */,
			);
			name = "echo-apiTests";
			packageProductDependencies = (
			);
			productName = "echo-apiTests";
			productReference = FFDCA83D2DB626C8006E472F /* echo-apiTests.xctest */;
			productType = "com.apple.product-type.bundle.unit-test";
		};
		FFDCA8462DB626C8006E472F /* echo-apiUITests */ = {
			isa = PBXNativeTarget;
			buildConfigurationList = FFDCA8572DB626C8006E472F /* Build configuration list for PBXNativeTarget "echo-apiUITests" */;
			buildPhases = (
				FFDCA8432DB626C8006E472F /* Sources */,
				FFDCA8442DB626C8006E472F /* Frameworks */,
				FFDCA8452DB626C8006E472F /* Resources */,
			);
			buildRules = (
			);
			dependencies = (
				FFDCA8492DB626C8006E472F /* PBXTargetDependency */,
			);
			fileSystemSynchronizedGroups = (
				FFDCA84A2DB626C8006E472F /* echo-apiUITests */,
			);
			name = "echo-apiUITests";
			packageProductDependencies = (
			);
			productName = "echo-apiUITests";
			productReference = FFDCA8472DB626C8006E472F /* echo-apiUITests.xctest */;
			productType = "com.apple.product-type.bundle.ui-testing";
		};
/* End PBXNativeTarget section */

/* Begin PBXProject section */
		FFDCA8252DB626C5006E472F /* Project object */ = {
			isa = PBXProject;
			attributes = {
				BuildIndependentTargetsInParallel = 1;
				LastSwiftUpdateCheck = 1620;
				LastUpgradeCheck = 1620;
				TargetAttributes = {
					FFDCA82C2DB626C5006E472F = {
						CreatedOnToolsVersion = 16.2;
					};
					FFDCA83C2DB626C8006E472F = {
						CreatedOnToolsVersion = 16.2;
						TestTargetID = FFDCA82C2DB626C5006E472F;
					};
					FFDCA8462DB626C8006E472F = {
						CreatedOnToolsVersion = 16.2;
						TestTargetID = FFDCA82C2DB626C5006E472F;
					};
				};
			};
			buildConfigurationList = FFDCA8282DB626C5006E472F /* Build configuration list for PBXProject "echo-api" */;
			developmentRegion = en;
			hasScannedForEncodings = 0;
			knownRegions = (
				en,
				Base,
			);
			mainGroup = FFDCA8242DB626C5006E472F;
			minimizedProjectReferenceProxies = 1;
			packageReferences = (
				FFDCA8732DB62944006E472F /* XCRemoteSwiftPackageReference "KeychainAccess" */,
			);
			preferredProjectObjectVersion = 77;
			productRefGroup = FFDCA82E2DB626C6006E472F /* Products */;
			projectDirPath = "";
			projectRoot = "";
			targets = (
				FFDCA82C2DB626C5006E472F /* echo-api */,
				FFDCA83C2DB626C8006E472F /* echo-apiTests */,
				FFDCA8462DB626C8006E472F /* echo-apiUITests */,
			);
		};
/* End PBXProject section */

/* Begin PBXResourcesBuildPhase section */
		FFDCA83B2DB626C8006E472F /* Resources */ = {
			isa = PBXResourcesBuildPhase;
			buildActionMask = 2147483647;
			files = (
			);
			runOnlyForDeploymentPostprocessing = 0;
		};
		FFDCA8452DB626C8006E472F /* Resources */ = {
			isa = PBXResourcesBuildPhase;
			buildActionMask = 2147483647;
			files = (
			);
			runOnlyForDeploymentPostprocessing = 0;
		};
		FFF534AA2DC6F3F9009372D0 /* Resources */ = {
			isa = PBXResourcesBuildPhase;
			buildActionMask = 2147483647;
			files = (
				FFF534AC2DC6F407009372D0 /* Media.xcassets in Resources */,
			);
			runOnlyForDeploymentPostprocessing = 0;
		};
/* End PBXResourcesBuildPhase section */

/* Begin PBXSourcesBuildPhase section */
		FFDCA8292DB626C5006E472F /* Sources */ = {
			isa = PBXSourcesBuildPhase;
			buildActionMask = 2147483647;
			files = (
			);
			runOnlyForDeploymentPostprocessing = 0;
		};
		FFDCA8392DB626C8006E472F /* Sources */ = {
			isa = PBXSourcesBuildPhase;
			buildActionMask = 2147483647;
			files = (
			);
			runOnlyForDeploymentPostprocessing = 0;
		};
		FFDCA8432DB626C8006E472F /* Sources */ = {
			isa = PBXSourcesBuildPhase;
			buildActionMask = 2147483647;
			files = (
			);
			runOnlyForDeploymentPostprocessing = 0;
		};
/* End PBXSourcesBuildPhase section */

/* Begin PBXTargetDependency section */
		FFDCA83F2DB626C8006E472F /* PBXTargetDependency */ = {
			isa = PBXTargetDependency;
			target = FFDCA82C2DB626C5006E472F /* echo-api */;
			targetProxy = FFDCA83E2DB626C8006E472F /* PBXContainerItemProxy */;
		};
		FFDCA8492DB626C8006E472F /* PBXTargetDependency */ = {
			isa = PBXTargetDependency;
			target = FFDCA82C2DB626C5006E472F /* echo-api */;
			targetProxy = FFDCA8482DB626C8006E472F /* PBXContainerItemProxy */;
		};
/* End PBXTargetDependency section */

/* Begin XCBuildConfiguration section */
		FFDCA84F2DB626C8006E472F /* Debug */ = {
			isa = XCBuildConfiguration;
			buildSettings = {
				ALWAYS_SEARCH_USER_PATHS = NO;
				ASSETCATALOG_COMPILER_GENERATE_SWIFT_ASSET_SYMBOL_EXTENSIONS = YES;
				CLANG_ANALYZER_NONNULL = YES;
				CLANG_ANALYZER_NUMBER_OBJECT_CONVERSION = YES_AGGRESSIVE;
				CLANG_CXX_LANGUAGE_STANDARD = "gnu++20";
				CLANG_ENABLE_MODULES = YES;
				CLANG_ENABLE_OBJC_ARC = YES;
				CLANG_ENABLE_OBJC_WEAK = YES;
				CLANG_WARN_BLOCK_CAPTURE_AUTORELEASING = YES;
				CLANG_WARN_BOOL_CONVERSION = YES;
				CLANG_WARN_COMMA = YES;
				CLANG_WARN_CONSTANT_CONVERSION = YES;
				CLANG_WARN_DEPRECATED_OBJC_IMPLEMENTATIONS = YES;
				CLANG_WARN_DIRECT_OBJC_ISA_USAGE = YES_ERROR;
				CLANG_WARN_DOCUMENTATION_COMMENTS = YES;
				CLANG_WARN_EMPTY_BODY = YES;
				CLANG_WARN_ENUM_CONVERSION = YES;
				CLANG_WARN_INFINITE_RECURSION = YES;
				CLANG_WARN_INT_CONVERSION = YES;
				CLANG_WARN_NON_LITERAL_NULL_CONVERSION = YES;
				CLANG_WARN_OBJC_IMPLICIT_RETAIN_SELF = YES;
				CLANG_WARN_OBJC_LITERAL_CONVERSION = YES;
				CLANG_WARN_OBJC_ROOT_CLASS = YES_ERROR;
				CLANG_WARN_QUOTED_INCLUDE_IN_FRAMEWORK_HEADER = YES;
				CLANG_WARN_RANGE_LOOP_ANALYSIS = YES;
				CLANG_WARN_STRICT_PROTOTYPES = YES;
				CLANG_WARN_SUSPICIOUS_MOVE = YES;
				CLANG_WARN_UNGUARDED_AVAILABILITY = YES_AGGRESSIVE;
				CLANG_WARN_UNREACHABLE_CODE = YES;
				CLANG_WARN__DUPLICATE_METHOD_MATCH = YES;
				COPY_PHASE_STRIP = NO;
				DEBUG_INFORMATION_FORMAT = dwarf;
				ENABLE_STRICT_OBJC_MSGSEND = YES;
				ENABLE_TESTABILITY = YES;
				ENABLE_USER_SCRIPT_SANDBOXING = YES;
				GCC_C_LANGUAGE_STANDARD = gnu17;
				GCC_DYNAMIC_NO_PIC = NO;
				GCC_NO_COMMON_BLOCKS = YES;
				GCC_OPTIMIZATION_LEVEL = 0;
				GCC_PREPROCESSOR_DEFINITIONS = (
					"DEBUG=1",
					"$(inherited)",
				);
				GCC_WARN_64_TO_32_BIT_CONVERSION = YES;
				GCC_WARN_ABOUT_RETURN_TYPE = YES_ERROR;
				GCC_WARN_UNDECLARED_SELECTOR = YES;
				GCC_WARN_UNINITIALIZED_AUTOS = YES_AGGRESSIVE;
				GCC_WARN_UNUSED_FUNCTION = YES;
				GCC_WARN_UNUSED_VARIABLE = YES;
				GENERATE_INFOPLIST_FILE = YES;
				"INFOPLIST_FILE[sdk=*]" = "$(SRCROOT)/echo-api/Info.plist";
				INFOPLIST_KEY_UIApplicationSceneManifest_Generation = YES;
				INFOPLIST_KEY_UILaunchScreen_Generation = YES;
				IPHONEOS_DEPLOYMENT_TARGET = 18.2;
				LOCALIZATION_PREFERS_STRING_CATALOGS = YES;
				MTL_ENABLE_DEBUG_INFO = INCLUDE_SOURCE;
				MTL_FAST_MATH = YES;
				ONLY_ACTIVE_ARCH = YES;
				SDKROOT = iphoneos;
				SWIFT_ACTIVE_COMPILATION_CONDITIONS = "DEBUG $(inherited)";
				SWIFT_OPTIMIZATION_LEVEL = "-Onone";
			};
			name = Debug;
		};
		FFDCA8502DB626C8006E472F /* Release */ = {
			isa = XCBuildConfiguration;
			buildSettings = {
				ALWAYS_SEARCH_USER_PATHS = NO;
				ASSETCATALOG_COMPILER_GENERATE_SWIFT_ASSET_SYMBOL_EXTENSIONS = YES;
				CLANG_ANALYZER_NONNULL = YES;
				CLANG_ANALYZER_NUMBER_OBJECT_CONVERSION = YES_AGGRESSIVE;
				CLANG_CXX_LANGUAGE_STANDARD = "gnu++20";
				CLANG_ENABLE_MODULES = YES;
				CLANG_ENABLE_OBJC_ARC = YES;
				CLANG_ENABLE_OBJC_WEAK = YES;
				CLANG_WARN_BLOCK_CAPTURE_AUTORELEASING = YES;
				CLANG_WARN_BOOL_CONVERSION = YES;
				CLANG_WARN_COMMA = YES;
				CLANG_WARN_CONSTANT_CONVERSION = YES;
				CLANG_WARN_DEPRECATED_OBJC_IMPLEMENTATIONS = YES;
				CLANG_WARN_DIRECT_OBJC_ISA_USAGE = YES_ERROR;
				CLANG_WARN_DOCUMENTATION_COMMENTS = YES;
				CLANG_WARN_EMPTY_BODY = YES;
				CLANG_WARN_ENUM_CONVERSION = YES;
				CLANG_WARN_INFINITE_RECURSION = YES;
				CLANG_WARN_INT_CONVERSION = YES;
				CLANG_WARN_NON_LITERAL_NULL_CONVERSION = YES;
				CLANG_WARN_OBJC_IMPLICIT_RETAIN_SELF = YES;
				CLANG_WARN_OBJC_LITERAL_CONVERSION = YES;
				CLANG_WARN_OBJC_ROOT_CLASS = YES_ERROR;
				CLANG_WARN_QUOTED_INCLUDE_IN_FRAMEWORK_HEADER = YES;
				CLANG_WARN_RANGE_LOOP_ANALYSIS = YES;
				CLANG_WARN_STRICT_PROTOTYPES = YES;
				CLANG_WARN_SUSPICIOUS_MOVE = YES;
				CLANG_WARN_UNGUARDED_AVAILABILITY = YES_AGGRESSIVE;
				CLANG_WARN_UNREACHABLE_CODE = YES;
				CLANG_WARN__DUPLICATE_METHOD_MATCH = YES;
				COPY_PHASE_STRIP = NO;
				DEBUG_INFORMATION_FORMAT = "dwarf-with-dsym";
				ENABLE_NS_ASSERTIONS = NO;
				ENABLE_STRICT_OBJC_MSGSEND = YES;
				ENABLE_USER_SCRIPT_SANDBOXING = YES;
				GCC_C_LANGUAGE_STANDARD = gnu17;
				GCC_NO_COMMON_BLOCKS = YES;
				GCC_WARN_64_TO_32_BIT_CONVERSION = YES;
				GCC_WARN_ABOUT_RETURN_TYPE = YES_ERROR;
				GCC_WARN_UNDECLARED_SELECTOR = YES;
				GCC_WARN_UNINITIALIZED_AUTOS = YES_AGGRESSIVE;
				GCC_WARN_UNUSED_FUNCTION = YES;
				GCC_WARN_UNUSED_VARIABLE = YES;
				GENERATE_INFOPLIST_FILE = YES;
				"INFOPLIST_FILE[sdk=*]" = "$(SRCROOT)/echo-api/Info.plist";
				INFOPLIST_KEY_UIApplicationSceneManifest_Generation = YES;
				INFOPLIST_KEY_UILaunchScreen_Generation = YES;
				IPHONEOS_DEPLOYMENT_TARGET = 18.2;
				LOCALIZATION_PREFERS_STRING_CATALOGS = YES;
				MTL_ENABLE_DEBUG_INFO = NO;
				MTL_FAST_MATH = YES;
				SDKROOT = iphoneos;
				SWIFT_COMPILATION_MODE = wholemodule;
				VALIDATE_PRODUCT = YES;
			};
			name = Release;
		};
		FFDCA8522DB626C8006E472F /* Debug */ = {
			isa = XCBuildConfiguration;
			buildSettings = {
				ASSETCATALOG_COMPILER_APPICON_NAME = AppIcon;
				ASSETCATALOG_COMPILER_GLOBAL_ACCENT_COLOR_NAME = AccentColor;
				CODE_SIGN_STYLE = Automatic;
				CURRENT_PROJECT_VERSION = 1;
				DEVELOPMENT_ASSET_PATHS = "\"echo-api/Preview Content\"";
				ENABLE_PREVIEWS = YES;
				GENERATE_INFOPLIST_FILE = YES;
				INFOPLIST_KEY_UIApplicationSceneManifest_Generation = YES;
				INFOPLIST_KEY_UIApplicationSupportsIndirectInputEvents = YES;
				INFOPLIST_KEY_UILaunchScreen_Generation = YES;
				INFOPLIST_KEY_UISupportedInterfaceOrientations_iPad = "UIInterfaceOrientationPortrait UIInterfaceOrientationPortraitUpsideDown UIInterfaceOrientationLandscapeLeft UIInterfaceOrientationLandscapeRight";
				INFOPLIST_KEY_UISupportedInterfaceOrientations_iPhone = "UIInterfaceOrientationPortrait UIInterfaceOrientationLandscapeLeft UIInterfaceOrientationLandscapeRight";
				LD_RUNPATH_SEARCH_PATHS = (
					"$(inherited)",
					"@executable_path/Frameworks",
				);
				MARKETING_VERSION = 1.0;
				PRODUCT_BUNDLE_IDENTIFIER = "ksk318.me.echo-api";
				PRODUCT_NAME = "$(TARGET_NAME)";
				SWIFT_EMIT_LOC_STRINGS = YES;
				SWIFT_VERSION = 5.0;
				TARGETED_DEVICE_FAMILY = "1,2";
			};
			name = Debug;
		};
		FFDCA8532DB626C8006E472F /* Release */ = {
			isa = XCBuildConfiguration;
			buildSettings = {
				ASSETCATALOG_COMPILER_APPICON_NAME = AppIcon;
				ASSETCATALOG_COMPILER_GLOBAL_ACCENT_COLOR_NAME = AccentColor;
				CODE_SIGN_STYLE = Automatic;
				CURRENT_PROJECT_VERSION = 1;
				DEVELOPMENT_ASSET_PATHS = "\"echo-api/Preview Content\"";
				ENABLE_PREVIEWS = YES;
				GENERATE_INFOPLIST_FILE = YES;
				INFOPLIST_KEY_UIApplicationSceneManifest_Generation = YES;
				INFOPLIST_KEY_UIApplicationSupportsIndirectInputEvents = YES;
				INFOPLIST_KEY_UILaunchScreen_Generation = YES;
				INFOPLIST_KEY_UISupportedInterfaceOrientations_iPad = "UIInterfaceOrientationPortrait UIInterfaceOrientationPortraitUpsideDown UIInterfaceOrientationLandscapeLeft UIInterfaceOrientationLandscapeRight";
				INFOPLIST_KEY_UISupportedInterfaceOrientations_iPhone = "UIInterfaceOrientationPortrait UIInterfaceOrientationLandscapeLeft UIInterfaceOrientationLandscapeRight";
				LD_RUNPATH_SEARCH_PATHS = (
					"$(inherited)",
					"@executable_path/Frameworks",
				);
				MARKETING_VERSION = 1.0;
				PRODUCT_BUNDLE_IDENTIFIER = "ksk318.me.echo-api";
				PRODUCT_NAME = "$(TARGET_NAME)";
				SWIFT_EMIT_LOC_STRINGS = YES;
				SWIFT_VERSION = 5.0;
				TARGETED_DEVICE_FAMILY = "1,2";
			};
			name = Release;
		};
		FFDCA8552DB626C8006E472F /* Debug */ = {
			isa = XCBuildConfiguration;
			buildSettings = {
				BUNDLE_LOADER = "$(TEST_HOST)";
				CODE_SIGN_STYLE = Automatic;
				CURRENT_PROJECT_VERSION = 1;
				GENERATE_INFOPLIST_FILE = YES;
				IPHONEOS_DEPLOYMENT_TARGET = 18.2;
				MARKETING_VERSION = 1.0;
				PRODUCT_BUNDLE_IDENTIFIER = "ksk318.me.echo-apiTests";
				PRODUCT_NAME = "$(TARGET_NAME)";
				SWIFT_EMIT_LOC_STRINGS = NO;
				SWIFT_VERSION = 5.0;
				TARGETED_DEVICE_FAMILY = "1,2";
				TEST_HOST = "$(BUILT_PRODUCTS_DIR)/echo-api.app/$(BUNDLE_EXECUTABLE_FOLDER_PATH)/echo-api";
			};
			name = Debug;
		};
		FFDCA8562DB626C8006E472F /* Release */ = {
			isa = XCBuildConfiguration;
			buildSettings = {
				BUNDLE_LOADER = "$(TEST_HOST)";
				CODE_SIGN_STYLE = Automatic;
				CURRENT_PROJECT_VERSION = 1;
				GENERATE_INFOPLIST_FILE = YES;
				IPHONEOS_DEPLOYMENT_TARGET = 18.2;
				MARKETING_VERSION = 1.0;
				PRODUCT_BUNDLE_IDENTIFIER = "ksk318.me.echo-apiTests";
				PRODUCT_NAME = "$(TARGET_NAME)";
				SWIFT_EMIT_LOC_STRINGS = NO;
				SWIFT_VERSION = 5.0;
				TARGETED_DEVICE_FAMILY = "1,2";
				TEST_HOST = "$(BUILT_PRODUCTS_DIR)/echo-api.app/$(BUNDLE_EXECUTABLE_FOLDER_PATH)/echo-api";
			};
			name = Release;
		};
		FFDCA8582DB626C8006E472F /* Debug */ = {
			isa = XCBuildConfiguration;
			buildSettings = {
				CODE_SIGN_STYLE = Automatic;
				CURRENT_PROJECT_VERSION = 1;
				GENERATE_INFOPLIST_FILE = YES;
				MARKETING_VERSION = 1.0;
				PRODUCT_BUNDLE_IDENTIFIER = "ksk318.me.echo-apiUITests";
				PRODUCT_NAME = "$(TARGET_NAME)";
				SWIFT_EMIT_LOC_STRINGS = NO;
				SWIFT_VERSION = 5.0;
				TARGETED_DEVICE_FAMILY = "1,2";
				TEST_TARGET_NAME = "echo-api";
			};
			name = Debug;
		};
		FFDCA8592DB626C8006E472F /* Release */ = {
			isa = XCBuildConfiguration;
			buildSettings = {
				CODE_SIGN_STYLE = Automatic;
				CURRENT_PROJECT_VERSION = 1;
				GENERATE_INFOPLIST_FILE = YES;
				MARKETING_VERSION = 1.0;
				PRODUCT_BUNDLE_IDENTIFIER = "ksk318.me.echo-apiUITests";
				PRODUCT_NAME = "$(TARGET_NAME)";
				SWIFT_EMIT_LOC_STRINGS = NO;
				SWIFT_VERSION = 5.0;
				TARGETED_DEVICE_FAMILY = "1,2";
				TEST_TARGET_NAME = "echo-api";
			};
			name = Release;
		};
/* End XCBuildConfiguration section */

/* Begin XCConfigurationList section */
		FFDCA8282DB626C5006E472F /* Build configuration list for PBXProject "echo-api" */ = {
			isa = XCConfigurationList;
			buildConfigurations = (
				FFDCA84F2DB626C8006E472F /* Debug */,
				FFDCA8502DB626C8006E472F /* Release */,
			);
			defaultConfigurationIsVisible = 0;
			defaultConfigurationName = Release;
		};
		FFDCA8512DB626C8006E472F /* Build configuration list for PBXNativeTarget "echo-api" */ = {
			isa = XCConfigurationList;
			buildConfigurations = (
				FFDCA8522DB626C8006E472F /* Debug */,
				FFDCA8532DB626C8006E472F /* Release */,
			);
			defaultConfigurationIsVisible = 0;
			defaultConfigurationName = Release;
		};
		FFDCA8542DB626C8006E472F /* Build configuration list for PBXNativeTarget "echo-apiTests" */ = {
			isa = XCConfigurationList;
			buildConfigurations = (
				FFDCA8552DB626C8006E472F /* Debug */,
				FFDCA8562DB626C8006E472F /* Release */,
			);
			defaultConfigurationIsVisible = 0;
			defaultConfigurationName = Release;
		};
		FFDCA8572DB626C8006E472F /* Build configuration list for PBXNativeTarget "echo-apiUITests" */ = {
			isa = XCConfigurationList;
			buildConfigurations = (
				FFDCA8582DB626C8006E472F /* Debug */,
				FFDCA8592DB626C8006E472F /* Release */,
			);
			defaultConfigurationIsVisible = 0;
			defaultConfigurationName = Release;
		};
/* End XCConfigurationList section */

/* Begin XCRemoteSwiftPackageReference section */
		FFDCA8732DB62944006E472F /* XCRemoteSwiftPackageReference "KeychainAccess" */ = {
			isa = XCRemoteSwiftPackageReference;
			repositoryURL = "https://github.com/kishikawakatsumi/KeychainAccess";
			requirement = {
				branch = master;
				kind = branch;
			};
		};
/* End XCRemoteSwiftPackageReference section */

/* Begin XCSwiftPackageProductDependency section */
		FFDCA88E2DB629BF006E472F /* KeychainAccess */ = {
			isa = XCSwiftPackageProductDependency;
			package = FFDCA8732DB62944006E472F /* XCRemoteSwiftPackageReference "KeychainAccess" */;
			productName = KeychainAccess;
		};
/* End XCSwiftPackageProductDependency section */
	};
	rootObject = FFDCA8252DB626C5006E472F /* Project object */;
}
